// !$*UTF8*$!
{
	archiveVersion = 1;
	classes = {
	};
	objectVersion = 56;
	objects = {

/* Begin PBXBuildFile section */
		A386096D292F8DAC0044BC3C /* AppDelegate.swift in Sources */ = {isa = PBXBuildFile; fileRef = A386096C292F8DAC0044BC3C /* AppDelegate.swift */; };
		A386096F292F8DAC0044BC3C /* SceneDelegate.swift in Sources */ = {isa = PBXBuildFile; fileRef = A386096E292F8DAC0044BC3C /* SceneDelegate.swift */; };
		A3860971292F8DAC0044BC3C /* ViewController.swift in Sources */ = {isa = PBXBuildFile; fileRef = A3860970292F8DAC0044BC3C /* ViewController.swift */; };
		A3860974292F8DAC0044BC3C /* Main.storyboard in Resources */ = {isa = PBXBuildFile; fileRef = A3860972292F8DAC0044BC3C /* Main.storyboard */; };
		A3860976292F8DAD0044BC3C /* Assets.xcassets in Resources */ = {isa = PBXBuildFile; fileRef = A3860975292F8DAD0044BC3C /* Assets.xcassets */; };
		A3860979292F8DAD0044BC3C /* LaunchScreen.storyboard in Resources */ = {isa = PBXBuildFile; fileRef = A3860977292F8DAD0044BC3C /* LaunchScreen.storyboard */; };
		A3860981292F8DF30044BC3C /* MyModel.mlmodel in Sources */ = {isa = PBXBuildFile; fileRef = A3860980292F8DF30044BC3C /* MyModel.mlmodel */; };
		A3860983292F8F8E0044BC3C /* image.jpg in Resources */ = {isa = PBXBuildFile; fileRef = A3860982292F8F8E0044BC3C /* image.jpg */; };
/* End PBXBuildFile section */

/* Begin PBXFileReference section */
		A3860969292F8DAC0044BC3C /* coreml-concurrency-issue.app */ = {isa = PBXFileReference; explicitFileType = wrapper.application; includeInIndex = 0; path = "coreml-concurrency-issue.app"; sourceTree = BUILT_PRODUCTS_DIR; };
		A386096C292F8DAC0044BC3C /* AppDelegate.swift */ = {isa = PBXFileReference; lastKnownFileType = sourcecode.swift; path = AppDelegate.swift; sourceTree = "<group>"; };
		A386096E292F8DAC0044BC3C /* SceneDelegate.swift */ = {isa = PBXFileReference; lastKnownFileType = sourcecode.swift; path = SceneDelegate.swift; sourceTree = "<group>"; };
		A3860970292F8DAC0044BC3C /* ViewController.swift */ = {isa = PBXFileReference; lastKnownFileType = sourcecode.swift; path = ViewController.swift; sourceTree = "<group>"; };
		A3860973292F8DAC0044BC3C /* Base */ = {isa = PBXFileReference; lastKnownFileType = file.storyboard; name = Base; path = Base.lproj/Main.storyboard; sourceTree = "<group>"; };
		A3860975292F8DAD0044BC3C /* Assets.xcassets */ = {isa = PBXFileReference; lastKnownFileType = folder.assetcatalog; path = Assets.xcassets; sourceTree = "<group>"; };
		A3860978292F8DAD0044BC3C /* Base */ = {isa = PBXFileReference; lastKnownFileType = file.storyboard; name = Base; path = Base.lproj/LaunchScreen.storyboard; sourceTree = "<group>"; };
		A386097A292F8DAD0044BC3C /* Info.plist */ = {isa = PBXFileReference; lastKnownFileType = text.plist.xml; path = Info.plist; sourceTree = "<group>"; };
		A3860980292F8DF30044BC3C /* MyModel.mlmodel */ = {isa = PBXFileReference; lastKnownFileType = file.mlmodel; path = MyModel.mlmodel; sourceTree = "<group>"; };
		A3860982292F8F8E0044BC3C /* image.jpg */ = {isa = PBXFileReference; lastKnownFileType = image.jpeg; path = image.jpg; sourceTree = "<group>"; };
/* End PBXFileReference section */

/* Begin PBXFrameworksBuildPhase section */
		A3860966292F8DAC0044BC3C /* Frameworks */ = {
			isa = PBXFrameworksBuildPhase;
			buildActionMask = 2147483647;
			files = (
			);
			runOnlyForDeploymentPostprocessing = 0;
		};
/* End PBXFrameworksBuildPhase section */

/* Begin PBXGroup section */
		A3860960292F8DAC0044BC3C = {
			isa = PBXGroup;
			children = (
				A386096B292F8DAC0044BC3C /* coreml-concurrency-issue */,
				A386096A292F8DAC0044BC3C /* Products */,
			);
			sourceTree = "<group>";
		};
		A386096A292F8DAC0044BC3C /* Products */ = {
			isa = PBXGroup;
			children = (
				A3860969292F8DAC0044BC3C /* coreml-concurrency-issue.app */,
			);
			name = Products;
			sourceTree = "<group>";
		};
		A386096B292F8DAC0044BC3C /* coreml-concurrency-issue */ = {
			isa = PBXGroup;
			children = (
				A386096C292F8DAC0044BC3C /* AppDelegate.swift */,
				A386096E292F8DAC0044BC3C /* SceneDelegate.swift */,
				A3860970292F8DAC0044BC3C /* ViewController.swift */,
				A3860982292F8F8E0044BC3C /* image.jpg */,
				A3860980292F8DF30044BC3C /* MyModel.mlmodel */,
				A3860972292F8DAC0044BC3C /* Main.storyboard */,
				A3860975292F8DAD0044BC3C /* Assets.xcassets */,
				A3860977292F8DAD0044BC3C /* LaunchScreen.storyboard */,
				A386097A292F8DAD0044BC3C /* Info.plist */,
			);
			path = "coreml-concurrency-issue";
			sourceTree = "<group>";
		};
/* End PBXGroup section */

/* Begin PBXNativeTarget section */
		A3860968292F8DAC0044BC3C /* coreml-concurrency-issue */ = {
			isa = PBXNativeTarget;
			buildConfigurationList = A386097D292F8DAD0044BC3C /* Build configuration list for PBXNativeTarget "coreml-concurrency-issue" */;
			buildPhases = (
				A3860965292F8DAC0044BC3C /* Sources */,
				A3860966292F8DAC0044BC3C /* Frameworks */,
				A3860967292F8DAC0044BC3C /* Resources */,
			);
			buildRules = (
			);
			dependencies = (
			);
			name = "coreml-concurrency-issue";
			productName = "coreml-concurrency-issue";
			productReference = A3860969292F8DAC0044BC3C /* coreml-concurrency-issue.app */;
			productType = "com.apple.product-type.application";
		};
/* End PBXNativeTarget section */

/* Begin PBXProject section */
		A3860961292F8DAC0044BC3C /* Project object */ = {
			isa = PBXProject;
			attributes = {
				BuildIndependentTargetsInParallel = 1;
				LastSwiftUpdateCheck = 1410;
				LastUpgradeCheck = 1410;
				TargetAttributes = {
					A3860968292F8DAC0044BC3C = {
						CreatedOnToolsVersion = 14.1;
					};
				};
			};
			buildConfigurationList = A3860964292F8DAC0044BC3C /* Build configuration list for PBXProject "coreml-concurrency-issue" */;
			compatibilityVersion = "Xcode 14.0";
			developmentRegion = en;
			hasScannedForEncodings = 0;
			knownRegions = (
				en,
				Base,
			);
			mainGroup = A3860960292F8DAC0044BC3C;
			productRefGroup = A386096A292F8DAC0044BC3C /* Products */;
			projectDirPath = "";
			projectRoot = "";
			targets = (
				A3860968292F8DAC0044BC3C /* coreml-concurrency-issue */,
			);
		};
/* End PBXProject section */

/* Begin PBXResourcesBuildPhase section */
		A3860967292F8DAC0044BC3C /* Resources */ = {
			isa = PBXResourcesBuildPhase;
			buildActionMask = 2147483647;
			files = (
				A3860979292F8DAD0044BC3C /* LaunchScreen.storyboard in Resources */,
				A3860983292F8F8E0044BC3C /* image.jpg in Resources */,
				A3860976292F8DAD0044BC3C /* Assets.xcassets in Resources */,
				A3860974292F8DAC0044BC3C /* Main.storyboard in Resources */,
			);
			runOnlyForDeploymentPostprocessing = 0;
		};
/* End PBXResourcesBuildPhase section */

/* Begin PBXSourcesBuildPhase section */
		A3860965292F8DAC0044BC3C /* Sources */ = {
			isa = PBXSourcesBuildPhase;
			buildActionMask = 2147483647;
			files = (
				A3860971292F8DAC0044BC3C /* ViewController.swift in Sources */,
				A386096D292F8DAC0044BC3C /* AppDelegate.swift in Sources */,
				A386096F292F8DAC0044BC3C /* SceneDelegate.swift in Sources */,
				A3860981292F8DF30044BC3C /* MyModel.mlmodel in Sources */,
			);
			runOnlyForDeploymentPostprocessing = 0;
		};
/* End PBXSourcesBuildPhase section */

/* Begin PBXVariantGroup section */
		A3860972292F8DAC0044BC3C /* Main.storyboard */ = {
			isa = PBXVariantGroup;
			children = (
				A3860973292F8DAC0044BC3C /* Base */,
			);
			name = Main.storyboard;
			sourceTree = "<group>";
		};
		A3860977292F8DAD0044BC3C /* LaunchScreen.storyboard */ = {
			isa = PBXVariantGroup;
			children = (
				A3860978292F8DAD0044BC3C /* Base */,
			);
			name = LaunchScreen.storyboard;
			sourceTree = "<group>";
		};
/* End PBXVariantGroup section */

/* Begin XCBuildConfiguration section */
		A386097B292F8DAD0044BC3C /* Debug */ = {
			isa = XCBuildConfiguration;
			buildSettings = {
				ALWAYS_SEARCH_USER_PATHS = NO;
				CLANG_ANALYZER_NONNULL = YES;
				CLANG_ANALYZER_NUMBER_OBJECT_CONVERSION = YES_AGGRESSIVE;
				CLANG_CXX_LANGUAGE_STANDARD = "gnu++20";
				CLANG_ENABLE_MODULES = YES;
				CLANG_ENABLE_OBJC_ARC = YES;
				CLANG_ENABLE_OBJC_WEAK = YES;
				CLANG_WARN_BLOCK_CAPTURE_AUTORELEASING = YES;
				CLANG_WARN_BOOL_CONVERSION = YES;
				CLANG_WARN_COMMA = YES;
				CLANG_WARN_CONSTANT_CONVERSION = YES;
				CLANG_WARN_DEPRECATED_OBJC_IMPLEMENTATIONS = YES;
				CLANG_WARN_DIRECT_OBJC_ISA_USAGE = YES_ERROR;
				CLANG_WARN_DOCUMENTATION_COMMENTS = YES;
				CLANG_WARN_EMPTY_BODY = YES;
				CLANG_WARN_ENUM_CONVERSION = YES;
				CLANG_WARN_INFINITE_RECURSION = YES;
				CLANG_WARN_INT_CONVERSION = YES;
				CLANG_WARN_NON_LITERAL_NULL_CONVERSION = YES;
				CLANG_WARN_OBJC_IMPLICIT_RETAIN_SELF = YES;
				CLANG_WARN_OBJC_LITERAL_CONVERSION = YES;
				CLANG_WARN_OBJC_ROOT_CLASS = YES_ERROR;
				CLANG_WARN_QUOTED_INCLUDE_IN_FRAMEWORK_HEADER = YES;
				CLANG_WARN_RANGE_LOOP_ANALYSIS = YES;
				CLANG_WARN_STRICT_PROTOTYPES = YES;
				CLANG_WARN_SUSPICIOUS_MOVE = YES;
				CLANG_WARN_UNGUARDED_AVAILABILITY = YES_AGGRESSIVE;
				CLANG_WARN_UNREACHABLE_CODE = YES;
				CLANG_WARN__DUPLICATE_METHOD_MATCH = YES;
				COPY_PHASE_STRIP = NO;
				DEBUG_INFORMATION_FORMAT = dwarf;
				ENABLE_STRICT_OBJC_MSGSEND = YES;
				ENABLE_TESTABILITY = YES;
				GCC_C_LANGUAGE_STANDARD = gnu11;
				GCC_DYNAMIC_NO_PIC = NO;
				GCC_NO_COMMON_BLOCKS = YES;
				GCC_OPTIMIZATION_LEVEL = 0;
				GCC_PREPROCESSOR_DEFINITIONS = (
					"DEBUG=1",
					"$(inherited)",
				);
				GCC_WARN_64_TO_32_BIT_CONVERSION = YES;
				GCC_WARN_ABOUT_RETURN_TYPE = YES_ERROR;
				GCC_WARN_UNDECLARED_SELECTOR = YES;
				GCC_WARN_UNINITIALIZED_AUTOS = YES_AGGRESSIVE;
				GCC_WARN_UNUSED_FUNCTION = YES;
				GCC_WARN_UNUSED_VARIABLE = YES;
				IPHONEOS_DEPLOYMENT_TARGET = 16.1;
				MTL_ENABLE_DEBUG_INFO = INCLUDE_SOURCE;
				MTL_FAST_MATH = YES;
				ONLY_ACTIVE_ARCH = YES;
				SDKROOT = iphoneos;
				SWIFT_ACTIVE_COMPILATION_CONDITIONS = DEBUG;
				SWIFT_OPTIMIZATION_LEVEL = "-Onone";
			};
			name = Debug;
		};
		A386097C292F8DAD0044BC3C /* Release */ = {
			isa = XCBuildConfiguration;
			buildSettings = {
				ALWAYS_SEARCH_USER_PATHS = NO;
				CLANG_ANALYZER_NONNULL = YES;
				CLANG_ANALYZER_NUMBER_OBJECT_CONVERSION = YES_AGGRESSIVE;
				CLANG_CXX_LANGUAGE_STANDARD = "gnu++20";
				CLANG_ENABLE_MODULES = YES;
				CLANG_ENABLE_OBJC_ARC = YES;
				CLANG_ENABLE_OBJC_WEAK = YES;
				CLANG_WARN_BLOCK_CAPTURE_AUTORELEASING = YES;
				CLANG_WARN_BOOL_CONVERSION = YES;
				CLANG_WARN_COMMA = YES;
				CLANG_WARN_CONSTANT_CONVERSION = YES;
				CLANG_WARN_DEPRECATED_OBJC_IMPLEMENTATIONS = YES;
				CLANG_WARN_DIRECT_OBJC_ISA_USAGE = YES_ERROR;
				CLANG_WARN_DOCUMENTATION_COMMENTS = YES;
				CLANG_WARN_EMPTY_BODY = YES;
				CLANG_WARN_ENUM_CONVERSION = YES;
				CLANG_WARN_INFINITE_RECURSION = YES;
				CLANG_WARN_INT_CONVERSION = YES;
				CLANG_WARN_NON_LITERAL_NULL_CONVERSION = YES;
				CLANG_WARN_OBJC_IMPLICIT_RETAIN_SELF = YES;
				CLANG_WARN_OBJC_LITERAL_CONVERSION = YES;
				CLANG_WARN_OBJC_ROOT_CLASS = YES_ERROR;
				CLANG_WARN_QUOTED_INCLUDE_IN_FRAMEWORK_HEADER = YES;
				CLANG_WARN_RANGE_LOOP_ANALYSIS = YES;
				CLANG_WARN_STRICT_PROTOTYPES = YES;
				CLANG_WARN_SUSPICIOUS_MOVE = YES;
				CLANG_WARN_UNGUARDED_AVAILABILITY = YES_AGGRESSIVE;
				CLANG_WARN_UNREACHABLE_CODE = YES;
				CLANG_WARN__DUPLICATE_METHOD_MATCH = YES;
				COPY_PHASE_STRIP = NO;
				DEBUG_INFORMATION_FORMAT = "dwarf-with-dsym";
				ENABLE_NS_ASSERTIONS = NO;
				ENABLE_STRICT_OBJC_MSGSEND = YES;
				GCC_C_LANGUAGE_STANDARD = gnu11;
				GCC_NO_COMMON_BLOCKS = YES;
				GCC_WARN_64_TO_32_BIT_CONVERSION = YES;
				GCC_WARN_ABOUT_RETURN_TYPE = YES_ERROR;
				GCC_WARN_UNDECLARED_SELECTOR = YES;
				GCC_WARN_UNINITIALIZED_AUTOS = YES_AGGRESSIVE;
				GCC_WARN_UNUSED_FUNCTION = YES;
				GCC_WARN_UNUSED_VARIABLE = YES;
				IPHONEOS_DEPLOYMENT_TARGET = 16.1;
				MTL_ENABLE_DEBUG_INFO = NO;
				MTL_FAST_MATH = YES;
				SDKROOT = iphoneos;
				SWIFT_COMPILATION_MODE = wholemodule;
				SWIFT_OPTIMIZATION_LEVEL = "-O";
				VALIDATE_PRODUCT = YES;
			};
			name = Release;
		};
		A386097E292F8DAD0044BC3C /* Debug */ = {
			isa = XCBuildConfiguration;
			buildSettings = {
				ASSETCATALOG_COMPILER_APPICON_NAME = AppIcon;
				ASSETCATALOG_COMPILER_GLOBAL_ACCENT_COLOR_NAME = AccentColor;
				CODE_SIGN_STYLE = Automatic;
				CURRENT_PROJECT_VERSION = 1;
				DEVELOPMENT_TEAM = A5KVFWW9PB;
				GENERATE_INFOPLIST_FILE = YES;
				INFOPLIST_FILE = "coreml-concurrency-issue/Info.plist";
				INFOPLIST_KEY_UIApplicationSupportsIndirectInputEvents = YES;
				INFOPLIST_KEY_UILaunchStoryboardName = LaunchScreen;
				INFOPLIST_KEY_UIMainStoryboardFile = Main;
				INFOPLIST_KEY_UISupportedInterfaceOrientations_iPad = "UIInterfaceOrientationPortrait UIInterfaceOrientationPortraitUpsideDown UIInterfaceOrientationLandscapeLeft UIInterfaceOrientationLandscapeRight";
				INFOPLIST_KEY_UISupportedInterfaceOrientations_iPhone = "UIInterfaceOrientationPortrait UIInterfaceOrientationLandscapeLeft UIInterfaceOrientationLandscapeRight";
				IPHONEOS_DEPLOYMENT_TARGET = 14.0;
				LD_RUNPATH_SEARCH_PATHS = (
					"$(inherited)",
					"@executable_path/Frameworks",
				);
				MARKETING_VERSION = 1.0;
				PRODUCT_BUNDLE_IDENTIFIER = "com.socialkit.coreml-concurrency-issue";
				PRODUCT_NAME = "$(TARGET_NAME)";
				SWIFT_EMIT_LOC_STRINGS = YES;
				SWIFT_VERSION = 5.0;
				TARGETED_DEVICE_FAMILY = "1,2";
			};
			name = Debug;
		};
		A386097F292F8DAD0044BC3C /* Release */ = {
			isa = XCBuildConfiguration;
			buildSettings = {
				ASSETCATALOG_COMPILER_APPICON_NAME = AppIcon;
				ASSETCATALOG_COMPILER_GLOBAL_ACCENT_COLOR_NAME = AccentColor;
				CODE_SIGN_STYLE = Automatic;
				CURRENT_PROJECT_VERSION = 1;
				DEVELOPMENT_TEAM = A5KVFWW9PB;
				GENERATE_INFOPLIST_FILE = YES;
				INFOPLIST_FILE = "coreml-concurrency-issue/Info.plist";
				INFOPLIST_KEY_UIApplicationSupportsIndirectInputEvents = YES;
				INFOPLIST_KEY_UILaunchStoryboardName = LaunchScreen;
				INFOPLIST_KEY_UIMainStoryboardFile = Main;
				INFOPLIST_KEY_UISupportedInterfaceOrientations_iPad = "UIInterfaceOrientationPortrait UIInterfaceOrientationPortraitUpsideDown UIInterfaceOrientationLandscapeLeft UIInterfaceOrientationLandscapeRight";
				INFOPLIST_KEY_UISupportedInterfaceOrientations_iPhone = "UIInterfaceOrientationPortrait UIInterfaceOrientationLandscapeLeft UIInterfaceOrientationLandscapeRight";
				IPHONEOS_DEPLOYMENT_TARGET = 14.0;
				LD_RUNPATH_SEARCH_PATHS = (
					"$(inherited)",
					"@executable_path/Frameworks",
				);
				MARKETING_VERSION = 1.0;
				PRODUCT_BUNDLE_IDENTIFIER = "com.socialkit.coreml-concurrency-issue";
				PRODUCT_NAME = "$(TARGET_NAME)";
				SWIFT_EMIT_LOC_STRINGS = YES;
				SWIFT_VERSION = 5.0;
				TARGETED_DEVICE_FAMILY = "1,2";
			};
			name = Release;
		};
/* End XCBuildConfiguration section */

/* Begin XCConfigurationList section */
		A3860964292F8DAC0044BC3C /* Build configuration list for PBXProject "coreml-concurrency-issue" */ = {
			isa = XCConfigurationList;
			buildConfigurations = (
				A386097B292F8DAD0044BC3C /* Debug */,
				A386097C292F8DAD0044BC3C /* Release */,
			);
			defaultConfigurationIsVisible = 0;
			defaultConfigurationName = Release;
		};
		A386097D292F8DAD0044BC3C /* Build configuration list for PBXNativeTarget "coreml-concurrency-issue" */ = {
			isa = XCConfigurationList;
			buildConfigurations = (
				A386097E292F8DAD0044BC3C /* Debug */,
				A386097F292F8DAD0044BC3C /* Release */,
			);
			defaultConfigurationIsVisible = 0;
			defaultConfigurationName = Release;
		};
/* End XCConfigurationList section */
	};
	rootObject = A3860961292F8DAC0044BC3C /* Project object */;
}
